schema = "reprobuild.solved-graph-lock.v2"

[lock]
platform = "amd64-linux"
optimal = false
inputs_digest = "fnv1a64:52104ab09698081a"
variants = []
packages = [{ name = "gcc", version = "12.0.0", source = "gcc" }, { name = "isonim", version = "0.1.0", source = "isonim" }, { name = "isonim-render-serve", version = "1.0.0", source = "isonim-render-serve" }, { name = "isonim_render_serve", version = "0.1.0", source = "isonim_render_serve" }, { name = "nim", version = "2.0.0", source = "nim" }, { name = "nim-acp", version = "1.0.0", source = "nim-acp" }, { name = "nim-agent-harbor", version = "1.0.0", source = "nim-agent-harbor" }, { name = "nim-agents", version = "1.0.0", source = "nim-agents" }, { name = "nim-everywhere", version = "1.0.0", source = "nim-everywhere" }, { name = "nim_acp", version = "0.1.0", source = "nim_acp" }, { name = "nim_agent_harbor", version = "0.1.0", source = "nim_agent_harbor" }, { name = "nim_agents", version = "0.1.0", source = "nim_agents" }, { name = "nim_everywhere", version = "0.1.0", source = "nim_everywhere" }]
deps = [{ name = "isonim", path = ".", coord_kind = "vcs", url = "https://github.com/metacraft-labs/isonim", ref = "mcr-stege0-and-fixes", revision = "9936c544925004bada019204b5b111f39d1a54bf", integrity = "git-sha1:9936c544925004bada019204b5b111f39d1a54bf", version = "", visibility = "public", participation = "", depends = "isonim-render-serve,nim-acp,nim-agents,nim-agent-harbor,nim-everywhere", groups = "" }, { name = "isonim-render-serve", path = "../isonim-render-serve", coord_kind = "vcs", url = "https://github.com/metacraft-labs/isonim-render-serve", ref = "mcr-stege0-and-fixes", revision = "d8727cb957a94f566e935178abb3f0e4bb0492dc", integrity = "git-sha1:d8727cb957a94f566e935178abb3f0e4bb0492dc", version = "", visibility = "public", participation = "", depends = "", groups = "" }, { name = "nim-acp", path = "../nim-acp", coord_kind = "vcs", url = "https://github.com/metacraft-labs/nim-acp", ref = "mcr-stege0-and-fixes", revision = "3e762e763fc51dcda9e992ae9b5fa9e3f593c2df", integrity = "git-sha1:3e762e763fc51dcda9e992ae9b5fa9e3f593c2df", version = "", visibility = "public", participation = "", depends = "", groups = "" }, { name = "nim-agents", path = "../nim-agents", coord_kind = "vcs", url = "https://github.com/metacraft-labs/nim-agents", ref = "mcr-stege0-and-fixes", revision = "281367c300447891da887650d075e65539cb4785", integrity = "git-sha1:281367c300447891da887650d075e65539cb4785", version = "", visibility = "public", participation = "", depends = "nim-agent-harbor", groups = "" }, { name = "nim-agent-harbor", path = "../nim-agent-harbor", coord_kind = "vcs", url = "https://github.com/metacraft-labs/nim-agent-harbor", ref = "mcr-stege0-and-fixes", revision = "a0eb533107b7d5d42325b5229fa138b270f38092", integrity = "git-sha1:a0eb533107b7d5d42325b5229fa138b270f38092", version = "", visibility = "public", participation = "", depends = "", groups = "" }, { name = "nim-everywhere", path = "../nim-everywhere", coord_kind = "vcs", url = "https://github.com/metacraft-labs/nim-everywhere", ref = "mcr-stege0-and-fixes", revision = "015a410ebd4257b0b0e5772a0a94e446a505f9b7", integrity = "git-sha1:015a410ebd4257b0b0e5772a0a94e446a505f9b7", version = "", visibility = "public", participation = "", depends = "", groups = "" }]
