schema = "reprobuild.solved-graph-lock.v2"

[lock]
platform = "amd64-linux"
optimal = false
inputs_digest = "fnv1a64:3441913eb485e587"
variants = []
packages = [{ name = "gcc", version = "12.0.0", source = "gcc", selection = "selected" }, { name = "isonim", version = "0.1.0", source = "isonim", selection = "selected" }, { name = "isonim-render-serve", version = "1.0.0", source = "isonim-render-serve", selection = "selected" }, { name = "nim", version = "2.0.0", source = "nim", selection = "selected" }, { name = "nim-acp", version = "1.0.0", source = "nim-acp", selection = "selected" }, { name = "nim-agent-harbor", version = "1.0.0", source = "nim-agent-harbor", selection = "selected" }, { name = "nim-agents", version = "1.0.0", source = "nim-agents", selection = "selected" }, { name = "nim-everywhere", version = "1.0.0", source = "nim-everywhere", selection = "selected" }, { name = "node", version = "20.0.0", source = "node", selection = "selected" }]
deps = [{ name = "isonim", path = ".", coord_kind = "vcs", url = "https://github.com/metacraft-labs/isonim", ref = "claude/dev-shell-own-repo-hooks", revision = "e319e7af95660d527419cf3868b8f2547695a34c", integrity = "git-sha1:e319e7af95660d527419cf3868b8f2547695a34c", version = "", visibility = "public", participation = "", depends = "isonim-render-serve,nim-acp,nim-agents,nim-agent-harbor,nim-everywhere,isonim-cocoa,isonim-freya,isonim-gpui", tags = "" }, { name = "isonim-cocoa", path = "../isonim-cocoa", coord_kind = "vcs", url = "https://github.com/metacraft-labs/isonim-cocoa", ref = "dev", revision = "137a17f6f97bda72494b843ba1cb3a422b80d395", integrity = "git-sha1:137a17f6f97bda72494b843ba1cb3a422b80d395", version = "", visibility = "public", participation = "", depends = "", tags = "" }, { name = "isonim-freya", path = "../isonim-freya", coord_kind = "vcs", url = "https://github.com/metacraft-labs/isonim-freya", ref = "dev", revision = "44b02d8f6b26d53f4dcbb752fd3b2b2d782322f0", integrity = "git-sha1:44b02d8f6b26d53f4dcbb752fd3b2b2d782322f0", version = "", visibility = "public", participation = "", depends = "", tags = "" }, { name = "isonim-gpui", path = "../isonim-gpui", coord_kind = "vcs", url = "https://github.com/metacraft-labs/isonim-gpui", ref = "dev", revision = "cca610c6a4d58848d6838eaf86a74aa6f6bf9893", integrity = "git-sha1:cca610c6a4d58848d6838eaf86a74aa6f6bf9893", version = "", visibility = "public", participation = "", depends = "", tags = "" }, { name = "isonim-render-serve", path = "../isonim-render-serve", coord_kind = "vcs", url = "https://github.com/metacraft-labs/isonim-render-serve", ref = "claude/hookspath-absolute", revision = "d070260a70458fec716d13cd0e7e977391db3b56", integrity = "git-sha1:d070260a70458fec716d13cd0e7e977391db3b56", version = "", visibility = "public", participation = "", depends = "", tags = "" }, { name = "nim-acp", path = "../nim-acp", coord_kind = "vcs", url = "https://github.com/metacraft-labs/nim-acp", ref = "claude/hookspath-absolute", revision = "8187cee7addbf4223d1dcc6e8b824b83c6222fe4", integrity = "git-sha1:8187cee7addbf4223d1dcc6e8b824b83c6222fe4", version = "", visibility = "public", participation = "", depends = "", tags = "" }, { name = "nim-agent-harbor", path = "../nim-agent-harbor", coord_kind = "vcs", url = "https://github.com/metacraft-labs/nim-agent-harbor", ref = "claude/hookspath-absolute", revision = "8b4ebadde82da985a50f63d6944fb1f8b63d243c", integrity = "git-sha1:8b4ebadde82da985a50f63d6944fb1f8b63d243c", version = "", visibility = "public", participation = "", depends = "", tags = "" }, { name = "nim-agents", path = "../nim-agents", coord_kind = "vcs", url = "https://github.com/metacraft-labs/nim-agents", ref = "claude/hookspath-absolute", revision = "3b9e58a1bec231711b604895967617872ecf0a48", integrity = "git-sha1:3b9e58a1bec231711b604895967617872ecf0a48", version = "", visibility = "public", participation = "", depends = "", tags = "" }, { name = "nim-everywhere", path = "../nim-everywhere", coord_kind = "vcs", url = "https://github.com/metacraft-labs/nim-everywhere", ref = "claude/hookspath-absolute", revision = "9b4e7a737139160a1a5f374773a3e0b6b3bf2905", integrity = "git-sha1:9b4e7a737139160a1a5f374773a3e0b6b3bf2905", version = "", visibility = "public", participation = "", depends = "", tags = "" }]
